
Microsoft Visual Studio Solution File, Format Version 12.00
# Visual Studio Version 17
VisualStudioVersion = 17.1.32421.90
MinimumVisualStudioVersion = 10.0.40219.1
Project("{E24C65DC-7377-472B-9ABA-BC803B73C61A}") = "HP-LIBRARY", ".", "{F5CC5C80-8542-44F9-ABE2-5150D65D17AD}"
	ProjectSection(WebsiteProperties) = preProject
		TargetFrameworkMoniker = ".NETFramework,Version%3Dv4.6.2"
		Debug.AspNetCompiler.VirtualPath = "/localhost_52258"
		Debug.AspNetCompiler.PhysicalPath = "..\HP-LIBRARY\"
		Debug.AspNetCompiler.TargetPath = "PrecompiledWeb\localhost_52258\"
		Debug.AspNetCompiler.Updateable = "true"
		Debug.AspNetCompiler.ForceOverwrite = "true"
		Debug.AspNetCompiler.FixedNames = "false"
		Debug.AspNetCompiler.Debug = "True"
		Release.AspNetCompiler.VirtualPath = "/localhost_52258"
		Release.AspNetCompiler.PhysicalPath = "..\HP-LIBRARY\"
		Release.AspNetCompiler.TargetPath = "PrecompiledWeb\localhost_52258\"
		Release.AspNetCompiler.Updateable = "true"
		Release.AspNetCompiler.ForceOverwrite = "true"
		Release.AspNetCompiler.FixedNames = "false"
		Release.AspNetCompiler.Debug = "False"
		VWDPort = "52258"
		SlnRelativePath = "..\HP-LIBRARY\"
		DefaultWebSiteLanguage = "Visual C#"
	EndProjectSection
EndProject
Global
	GlobalSection(SolutionConfigurationPlatforms) = preSolution
		Debug|Any CPU = Debug|Any CPU
	EndGlobalSection
	GlobalSection(ProjectConfigurationPlatforms) = postSolution
		{F5CC5C80-8542-44F9-ABE2-5150D65D17AD}.Debug|Any CPU.ActiveCfg = Debug|Any CPU
		{F5CC5C80-8542-44F9-ABE2-5150D65D17AD}.Debug|Any CPU.Build.0 = Debug|Any CPU
	EndGlobalSection
	GlobalSection(SolutionProperties) = preSolution
		HideSolutionNode = FALSE
	EndGlobalSection
	GlobalSection(ExtensibilityGlobals) = postSolution
		SolutionGuid = {3AEFB7AD-40D1-4330-B145-7090A2346EE3}
	EndGlobalSection
EndGlobal
